// !$*UTF8*$!
{
	archiveVersion = 1;
	classes = {
	};
	objectVersion = 51;
	objects = {

/* Begin PBXBuildFile section */
		4F2CD85922BC84DA00137CFE /* LBSService.swift in Sources */ = {isa = PBXBuildFile; fileRef = 4F2CD85822BC84DA00137CFE /* LBSService.swift */; };
		4F2CD85B22BC865300137CFE /* LBSServiceImpl.swift in Sources */ = {isa = PBXBuildFile; fileRef = 4F2CD85A22BC865300137CFE /* LBSServiceImpl.swift */; };
		4F2CD85D22BCD1A900137CFE /* GradientPolylineRenderer.swift in Sources */ = {isa = PBXBuildFile; fileRef = 4F2CD85C22BCD1A900137CFE /* GradientPolylineRenderer.swift */; };
		4F2CD85F22BE794700137CFE /* ApplyWithdrawViewModel.swift in Sources */ = {isa = PBXBuildFile; fileRef = 4F2CD85E22BE794700137CFE /* ApplyWithdrawViewModel.swift */; };
		4F2CD86122BE79F900137CFE /* WithdrawAccount.swift in Sources */ = {isa = PBXBuildFile; fileRef = 4F2CD86022BE79F900137CFE /* WithdrawAccount.swift */; };
		4F527E4522B31BAE00BF875C /* NetworkService.swift in Sources */ = {isa = PBXBuildFile; fileRef = 4F527E4422B31BAE00BF875C /* NetworkService.swift */; };
		4F527E4722B31CE000BF875C /* NetworkServiceImpl.swift in Sources */ = {isa = PBXBuildFile; fileRef = 4F527E4622B31CE000BF875C /* NetworkServiceImpl.swift */; };
		4F527E4922B3258A00BF875C /* OneMinuteAPI.swift in Sources */ = {isa = PBXBuildFile; fileRef = 4F527E4822B3258A00BF875C /* OneMinuteAPI.swift */; };
		4F527E6122B4B93D00BF875C /* Result.swift in Sources */ = {isa = PBXBuildFile; fileRef = 4F527E6022B4B93D00BF875C /* Result.swift */; };
		4F7E09D922A91DAF00857FF6 /* LauncherViewController.swift in Sources */ = {isa = PBXBuildFile; fileRef = 4F7E09D822A91DAF00857FF6 /* LauncherViewController.swift */; };
		4F7E09E022A91EB200857FF6 /* GrabViewController.swift in Sources */ = {isa = PBXBuildFile; fileRef = 4F7E09DF22A91EB200857FF6 /* GrabViewController.swift */; };
		4F7E09E722A91F0200857FF6 /* OrderViewController.swift in Sources */ = {isa = PBXBuildFile; fileRef = 4F7E09E622A91F0200857FF6 /* OrderViewController.swift */; };
		4F7E09EE22A91F4B00857FF6 /* ProfileViewController.swift in Sources */ = {isa = PBXBuildFile; fileRef = 4F7E09ED22A91F4B00857FF6 /* ProfileViewController.swift */; };
		4F7E09F022A9EA9400857FF6 /* GrabService.swift in Sources */ = {isa = PBXBuildFile; fileRef = 4F7E09EF22A9EA9400857FF6 /* GrabService.swift */; };
		4F7E09F322A9EDE200857FF6 /* Order.swift in Sources */ = {isa = PBXBuildFile; fileRef = 4F7E09F222A9EDE200857FF6 /* Order.swift */; };
		4F7E09F522A9EF9400857FF6 /* OrderProgress.swift in Sources */ = {isa = PBXBuildFile; fileRef = 4F7E09F422A9EF9400857FF6 /* OrderProgress.swift */; };
		4F7E09F722A9F23900857FF6 /* BaseViewController.swift in Sources */ = {isa = PBXBuildFile; fileRef = 4F7E09F622A9F23900857FF6 /* BaseViewController.swift */; };
		4F7E09FD22AA029100857FF6 /* String+Common.swift in Sources */ = {isa = PBXBuildFile; fileRef = 4F7E09FC22AA029100857FF6 /* String+Common.swift */; };
		4F7E0A0022AA06BD00857FF6 /* OrderCell.swift in Sources */ = {isa = PBXBuildFile; fileRef = 4F7E09FF22AA06BD00857FF6 /* OrderCell.swift */; };
		4F7E0A0222AA06EE00857FF6 /* OrderCellModel.swift in Sources */ = {isa = PBXBuildFile; fileRef = 4F7E0A0122AA06EE00857FF6 /* OrderCellModel.swift */; };
		4F7E0A0422AA126F00857FF6 /* ViewFactory.swift in Sources */ = {isa = PBXBuildFile; fileRef = 4F7E0A0322AA126F00857FF6 /* ViewFactory.swift */; };
		4F7E0A0622AA3A9F00857FF6 /* GrabServiceImpl.swift in Sources */ = {isa = PBXBuildFile; fileRef = 4F7E0A0522AA3A9F00857FF6 /* GrabServiceImpl.swift */; };
		4F7E0A0822AA3F6700857FF6 /* GrabViewModel.swift in Sources */ = {isa = PBXBuildFile; fileRef = 4F7E0A0722AA3F6700857FF6 /* GrabViewModel.swift */; };
		4F7E0A0A22AA589C00857FF6 /* UIScrollView+Common.swift in Sources */ = {isa = PBXBuildFile; fileRef = 4F7E0A0922AA589C00857FF6 /* UIScrollView+Common.swift */; };
		4F7E0A0E22AB5C6600857FF6 /* CategoryView.swift in Sources */ = {isa = PBXBuildFile; fileRef = 4F7E0A0D22AB5C6600857FF6 /* CategoryView.swift */; };
		4F7E0A1022AB695D00857FF6 /* OrderService.swift in Sources */ = {isa = PBXBuildFile; fileRef = 4F7E0A0F22AB695D00857FF6 /* OrderService.swift */; };
		4F7E0A1222AB696300857FF6 /* OrderServiceImpl.swift in Sources */ = {isa = PBXBuildFile; fileRef = 4F7E0A1122AB696300857FF6 /* OrderServiceImpl.swift */; };
		4F7E0A1422ABAF0E00857FF6 /* OrderViewModel.swift in Sources */ = {isa = PBXBuildFile; fileRef = 4F7E0A1322ABAF0E00857FF6 /* OrderViewModel.swift */; };
		4F7E0A1722AC13EC00857FF6 /* OrderBaseViewController.swift in Sources */ = {isa = PBXBuildFile; fileRef = 4F7E0A1622AC13EC00857FF6 /* OrderBaseViewController.swift */; };
		4F7E0A1922AD575F00857FF6 /* OrderDetailViewController.swift in Sources */ = {isa = PBXBuildFile; fileRef = 4F7E0A1822AD575F00857FF6 /* OrderDetailViewController.swift */; };
		4F7E0A1B22AD585E00857FF6 /* OrderDetail.swift in Sources */ = {isa = PBXBuildFile; fileRef = 4F7E0A1A22AD585E00857FF6 /* OrderDetail.swift */; };
		4FB4745022AE77B400130B9C /* OrderDetailViewModel.swift in Sources */ = {isa = PBXBuildFile; fileRef = 4FB4744F22AE77B400130B9C /* OrderDetailViewModel.swift */; };
		4FB4745522AFC94000130B9C /* DealPopupView.swift in Sources */ = {isa = PBXBuildFile; fileRef = 4FB4745422AFC94000130B9C /* DealPopupView.swift */; };
		4FB4745722B083A200130B9C /* ProfileHeaderView.swift in Sources */ = {isa = PBXBuildFile; fileRef = 4FB4745622B083A200130B9C /* ProfileHeaderView.swift */; };
		4FB4745922B090DA00130B9C /* SettingItem.swift in Sources */ = {isa = PBXBuildFile; fileRef = 4FB4745822B090DA00130B9C /* SettingItem.swift */; };
		4FB4745B22B094FB00130B9C /* AboutViewController.swift in Sources */ = {isa = PBXBuildFile; fileRef = 4FB4745A22B094FB00130B9C /* AboutViewController.swift */; };
		4FB4745D22B0954F00130B9C /* RuleViewController.swift in Sources */ = {isa = PBXBuildFile; fileRef = 4FB4745C22B0954F00130B9C /* RuleViewController.swift */; };
		4FB4745F22B0958600130B9C /* LanguageViewController.swift in Sources */ = {isa = PBXBuildFile; fileRef = 4FB4745E22B0958600130B9C /* LanguageViewController.swift */; };
		4FB4746122B096BD00130B9C /* ProfitViewController.swift in Sources */ = {isa = PBXBuildFile; fileRef = 4FB4746022B096BD00130B9C /* ProfitViewController.swift */; };
		4FB4746722B1148E00130B9C /* Config.swift in Sources */ = {isa = PBXBuildFile; fileRef = 4FB4746622B1148E00130B9C /* Config.swift */; };
		4FB4746922B11CA500130B9C /* ProfileService.swift in Sources */ = {isa = PBXBuildFile; fileRef = 4FB4746822B11CA500130B9C /* ProfileService.swift */; };
		4FB4746B22B11CEC00130B9C /* User.swift in Sources */ = {isa = PBXBuildFile; fileRef = 4FB4746A22B11CEC00130B9C /* User.swift */; };
		4FB4746E22B11F6300130B9C /* ProfileServiceImpl.swift in Sources */ = {isa = PBXBuildFile; fileRef = 4FB4746D22B11F6300130B9C /* ProfileServiceImpl.swift */; };
		4FB4747022B11FD200130B9C /* ProfileViewModel.swift in Sources */ = {isa = PBXBuildFile; fileRef = 4FB4746F22B11FD200130B9C /* ProfileViewModel.swift */; };
		4FB4747222B120F600130B9C /* UIImageView+Common.swift in Sources */ = {isa = PBXBuildFile; fileRef = 4FB4747122B120F600130B9C /* UIImageView+Common.swift */; };
		4FB4747422B12A3400130B9C /* ProfitHeaderView.swift in Sources */ = {isa = PBXBuildFile; fileRef = 4FB4747322B12A3400130B9C /* ProfitHeaderView.swift */; };
		4FB4747622B1491200130B9C /* ApplyWithdrawController.swift in Sources */ = {isa = PBXBuildFile; fileRef = 4FB4747522B1491200130B9C /* ApplyWithdrawController.swift */; };
		4FB4747822B1497B00130B9C /* RecordsViewController.swift in Sources */ = {isa = PBXBuildFile; fileRef = 4FB4747722B1497B00130B9C /* RecordsViewController.swift */; };
		4FB4747A22B149E600130B9C /* RecordCell.swift in Sources */ = {isa = PBXBuildFile; fileRef = 4FB4747922B149E600130B9C /* RecordCell.swift */; };
		4FB4747C22B1E1A400130B9C /* Record.swift in Sources */ = {isa = PBXBuildFile; fileRef = 4FB4747B22B1E1A400130B9C /* Record.swift */; };
		4FB4747E22B1E66500130B9C /* RecordsViewModel.swift in Sources */ = {isa = PBXBuildFile; fileRef = 4FB4747D22B1E66500130B9C /* RecordsViewModel.swift */; };
		4FB4748222B27AD800130B9C /* StorageService.swift in Sources */ = {isa = PBXBuildFile; fileRef = 4FB4748122B27AD800130B9C /* StorageService.swift */; };
		4FB4748422B27C0700130B9C /* StorageError.swift in Sources */ = {isa = PBXBuildFile; fileRef = 4FB4748322B27C0700130B9C /* StorageError.swift */; };
		4FB4748622B27CB800130B9C /* KeychainStorage.swift in Sources */ = {isa = PBXBuildFile; fileRef = 4FB4748522B27CB800130B9C /* KeychainStorage.swift */; };
		4FC0220322A13E6600C4899A /* AppDelegate.swift in Sources */ = {isa = PBXBuildFile; fileRef = 4FC0220222A13E6600C4899A /* AppDelegate.swift */; };
		4FC0220522A13E6800C4899A /* Assets.xcassets in Resources */ = {isa = PBXBuildFile; fileRef = 4FC0220422A13E6800C4899A /* Assets.xcassets */; };
		4FC0220822A13E6800C4899A /* LaunchScreen.storyboard in Resources */ = {isa = PBXBuildFile; fileRef = 4FC0220622A13E6800C4899A /* LaunchScreen.storyboard */; };
		4FCCA4C222A74A6C00F42C47 /* SigninViewController.swift in Sources */ = {isa = PBXBuildFile; fileRef = 4FCCA4C122A74A6C00F42C47 /* SigninViewController.swift */; };
		4FCCA4C422A74B9E00F42C47 /* Common.swift in Sources */ = {isa = PBXBuildFile; fileRef = 4FCCA4C322A74B9E00F42C47 /* Common.swift */; };
		4FCCA4C622A74CF400F42C47 /* InputField.swift in Sources */ = {isa = PBXBuildFile; fileRef = 4FCCA4C522A74CF400F42C47 /* InputField.swift */; };
		4FCCA4C922A756F700F42C47 /* UIColor+Common.swift in Sources */ = {isa = PBXBuildFile; fileRef = 4FCCA4C822A756F700F42C47 /* UIColor+Common.swift */; };
		4FCCA4D522A7E97800F42C47 /* SigninViewModel.swift in Sources */ = {isa = PBXBuildFile; fileRef = 4FCCA4D422A7E97800F42C47 /* SigninViewModel.swift */; };
		4FCCA4D722A7F39300F42C47 /* SigninModel.swift in Sources */ = {isa = PBXBuildFile; fileRef = 4FCCA4D622A7F39300F42C47 /* SigninModel.swift */; };
		4FCCA4DA22A7F3DD00F42C47 /* SigninService.swift in Sources */ = {isa = PBXBuildFile; fileRef = 4FCCA4D922A7F3DD00F42C47 /* SigninService.swift */; };
		4FCCA4DC22A7F50900F42C47 /* SigninServiceImpl.swift in Sources */ = {isa = PBXBuildFile; fileRef = 4FCCA4DB22A7F50900F42C47 /* SigninServiceImpl.swift */; };
		4FCCA4DE22A8086200F42C47 /* ActivityIndicator.swift in Sources */ = {isa = PBXBuildFile; fileRef = 4FCCA4DD22A8086200F42C47 /* ActivityIndicator.swift */; };
		4FD6F5A922C39FBF0075B912 /* Localizable.strings in Resources */ = {isa = PBXBuildFile; fileRef = 4FD6F5AB22C39FBF0075B912 /* Localizable.strings */; };
		4FDF6DE722D4A4D100C18D58 /* InfoPlist.strings in Resources */ = {isa = PBXBuildFile; fileRef = 4FDF6DE922D4A4D100C18D58 /* InfoPlist.strings */; };
		4FF9B6E422C712EA006E0A60 /* UIKit+Rx.swift in Sources */ = {isa = PBXBuildFile; fileRef = 4FF9B6E322C712EA006E0A60 /* UIKit+Rx.swift */; };
		EE87A069BCFCC5137B4145E7 /* Pods_OneMinute.framework in Frameworks */ = {isa = PBXBuildFile; fileRef = E55756C80612AB771DE26544 /* Pods_OneMinute.framework */; };
/* End PBXBuildFile section */

/* Begin PBXFileReference section */
		4F2CD85822BC84DA00137CFE /* LBSService.swift */ = {isa = PBXFileReference; lastKnownFileType = sourcecode.swift; path = LBSService.swift; sourceTree = "<group>"; };
		4F2CD85A22BC865300137CFE /* LBSServiceImpl.swift */ = {isa = PBXFileReference; lastKnownFileType = sourcecode.swift; path = LBSServiceImpl.swift; sourceTree = "<group>"; };
		4F2CD85C22BCD1A900137CFE /* GradientPolylineRenderer.swift */ = {isa = PBXFileReference; lastKnownFileType = sourcecode.swift; path = GradientPolylineRenderer.swift; sourceTree = "<group>"; };
		4F2CD85E22BE794700137CFE /* ApplyWithdrawViewModel.swift */ = {isa = PBXFileReference; lastKnownFileType = sourcecode.swift; path = ApplyWithdrawViewModel.swift; sourceTree = "<group>"; };
		4F2CD86022BE79F900137CFE /* WithdrawAccount.swift */ = {isa = PBXFileReference; lastKnownFileType = sourcecode.swift; path = WithdrawAccount.swift; sourceTree = "<group>"; };
		4F527E4422B31BAE00BF875C /* NetworkService.swift */ = {isa = PBXFileReference; lastKnownFileType = sourcecode.swift; path = NetworkService.swift; sourceTree = "<group>"; };
		4F527E4622B31CE000BF875C /* NetworkServiceImpl.swift */ = {isa = PBXFileReference; lastKnownFileType = sourcecode.swift; path = NetworkServiceImpl.swift; sourceTree = "<group>"; };
		4F527E4822B3258A00BF875C /* OneMinuteAPI.swift */ = {isa = PBXFileReference; lastKnownFileType = sourcecode.swift; path = OneMinuteAPI.swift; sourceTree = "<group>"; };
		4F527E6022B4B93D00BF875C /* Result.swift */ = {isa = PBXFileReference; lastKnownFileType = sourcecode.swift; path = Result.swift; sourceTree = "<group>"; };
		4F7B3B3422C9921A00C1DFAE /* OneMinute.entitlements */ = {isa = PBXFileReference; lastKnownFileType = text.plist.entitlements; path = OneMinute.entitlements; sourceTree = "<group>"; };
		4F7B3B3522C9931D00C1DFAE /* OneMinute-Bridging-Header.h */ = {isa = PBXFileReference; lastKnownFileType = sourcecode.c.h; path = "OneMinute-Bridging-Header.h"; sourceTree = "<group>"; };
		4F7E09D822A91DAF00857FF6 /* LauncherViewController.swift */ = {isa = PBXFileReference; lastKnownFileType = sourcecode.swift; path = LauncherViewController.swift; sourceTree = "<group>"; };
		4F7E09DF22A91EB200857FF6 /* GrabViewController.swift */ = {isa = PBXFileReference; lastKnownFileType = sourcecode.swift; path = GrabViewController.swift; sourceTree = "<group>"; };
		4F7E09E622A91F0200857FF6 /* OrderViewController.swift */ = {isa = PBXFileReference; lastKnownFileType = sourcecode.swift; path = OrderViewController.swift; sourceTree = "<group>"; };
		4F7E09ED22A91F4B00857FF6 /* ProfileViewController.swift */ = {isa = PBXFileReference; lastKnownFileType = sourcecode.swift; path = ProfileViewController.swift; sourceTree = "<group>"; };
		4F7E09EF22A9EA9400857FF6 /* GrabService.swift */ = {isa = PBXFileReference; lastKnownFileType = sourcecode.swift; path = GrabService.swift; sourceTree = "<group>"; };
		4F7E09F222A9EDE200857FF6 /* Order.swift */ = {isa = PBXFileReference; lastKnownFileType = sourcecode.swift; path = Order.swift; sourceTree = "<group>"; };
		4F7E09F422A9EF9400857FF6 /* OrderProgress.swift */ = {isa = PBXFileReference; lastKnownFileType = sourcecode.swift; path = OrderProgress.swift; sourceTree = "<group>"; };
		4F7E09F622A9F23900857FF6 /* BaseViewController.swift */ = {isa = PBXFileReference; lastKnownFileType = sourcecode.swift; path = BaseViewController.swift; sourceTree = "<group>"; };
		4F7E09FC22AA029100857FF6 /* String+Common.swift */ = {isa = PBXFileReference; lastKnownFileType = sourcecode.swift; path = "String+Common.swift"; sourceTree = "<group>"; };
		4F7E09FF22AA06BD00857FF6 /* OrderCell.swift */ = {isa = PBXFileReference; lastKnownFileType = sourcecode.swift; path = OrderCell.swift; sourceTree = "<group>"; };
		4F7E0A0122AA06EE00857FF6 /* OrderCellModel.swift */ = {isa = PBXFileReference; lastKnownFileType = sourcecode.swift; path = OrderCellModel.swift; sourceTree = "<group>"; };
		4F7E0A0322AA126F00857FF6 /* ViewFactory.swift */ = {isa = PBXFileReference; lastKnownFileType = sourcecode.swift; path = ViewFactory.swift; sourceTree = "<group>"; };
		4F7E0A0522AA3A9F00857FF6 /* GrabServiceImpl.swift */ = {isa = PBXFileReference; lastKnownFileType = sourcecode.swift; path = GrabServiceImpl.swift; sourceTree = "<group>"; };
		4F7E0A0722AA3F6700857FF6 /* GrabViewModel.swift */ = {isa = PBXFileReference; lastKnownFileType = sourcecode.swift; path = GrabViewModel.swift; sourceTree = "<group>"; };
		4F7E0A0922AA589C00857FF6 /* UIScrollView+Common.swift */ = {isa = PBXFileReference; lastKnownFileType = sourcecode.swift; path = "UIScrollView+Common.swift"; sourceTree = "<group>"; };
		4F7E0A0D22AB5C6600857FF6 /* CategoryView.swift */ = {isa = PBXFileReference; lastKnownFileType = sourcecode.swift; path = CategoryView.swift; sourceTree = "<group>"; };
		4F7E0A0F22AB695D00857FF6 /* OrderService.swift */ = {isa = PBXFileReference; lastKnownFileType = sourcecode.swift; path = OrderService.swift; sourceTree = "<group>"; };
		4F7E0A1122AB696300857FF6 /* OrderServiceImpl.swift */ = {isa = PBXFileReference; lastKnownFileType = sourcecode.swift; path = OrderServiceImpl.swift; sourceTree = "<group>"; };
		4F7E0A1322ABAF0E00857FF6 /* OrderViewModel.swift */ = {isa = PBXFileReference; lastKnownFileType = sourcecode.swift; path = OrderViewModel.swift; sourceTree = "<group>"; };
		4F7E0A1622AC13EC00857FF6 /* OrderBaseViewController.swift */ = {isa = PBXFileReference; lastKnownFileType = sourcecode.swift; path = OrderBaseViewController.swift; sourceTree = "<group>"; };
		4F7E0A1822AD575F00857FF6 /* OrderDetailViewController.swift */ = {isa = PBXFileReference; lastKnownFileType = sourcecode.swift; path = OrderDetailViewController.swift; sourceTree = "<group>"; };
		4F7E0A1A22AD585E00857FF6 /* OrderDetail.swift */ = {isa = PBXFileReference; lastKnownFileType = sourcecode.swift; path = OrderDetail.swift; sourceTree = "<group>"; };
		4FB4744F22AE77B400130B9C /* OrderDetailViewModel.swift */ = {isa = PBXFileReference; lastKnownFileType = sourcecode.swift; path = OrderDetailViewModel.swift; sourceTree = "<group>"; };
		4FB4745422AFC94000130B9C /* DealPopupView.swift */ = {isa = PBXFileReference; lastKnownFileType = sourcecode.swift; path = DealPopupView.swift; sourceTree = "<group>"; };
		4FB4745622B083A200130B9C /* ProfileHeaderView.swift */ = {isa = PBXFileReference; lastKnownFileType = sourcecode.swift; path = ProfileHeaderView.swift; sourceTree = "<group>"; };
		4FB4745822B090DA00130B9C /* SettingItem.swift */ = {isa = PBXFileReference; lastKnownFileType = sourcecode.swift; path = SettingItem.swift; sourceTree = "<group>"; };
		4FB4745A22B094FB00130B9C /* AboutViewController.swift */ = {isa = PBXFileReference; lastKnownFileType = sourcecode.swift; path = AboutViewController.swift; sourceTree = "<group>"; };
		4FB4745C22B0954F00130B9C /* RuleViewController.swift */ = {isa = PBXFileReference; lastKnownFileType = sourcecode.swift; path = RuleViewController.swift; sourceTree = "<group>"; };
		4FB4745E22B0958600130B9C /* LanguageViewController.swift */ = {isa = PBXFileReference; lastKnownFileType = sourcecode.swift; path = LanguageViewController.swift; sourceTree = "<group>"; };
		4FB4746022B096BD00130B9C /* ProfitViewController.swift */ = {isa = PBXFileReference; lastKnownFileType = sourcecode.swift; path = ProfitViewController.swift; sourceTree = "<group>"; };
		4FB4746622B1148E00130B9C /* Config.swift */ = {isa = PBXFileReference; lastKnownFileType = sourcecode.swift; path = Config.swift; sourceTree = "<group>"; };
		4FB4746822B11CA500130B9C /* ProfileService.swift */ = {isa = PBXFileReference; lastKnownFileType = sourcecode.swift; path = ProfileService.swift; sourceTree = "<group>"; };
		4FB4746A22B11CEC00130B9C /* User.swift */ = {isa = PBXFileReference; lastKnownFileType = sourcecode.swift; path = User.swift; sourceTree = "<group>"; };
		4FB4746D22B11F6300130B9C /* ProfileServiceImpl.swift */ = {isa = PBXFileReference; lastKnownFileType = sourcecode.swift; path = ProfileServiceImpl.swift; sourceTree = "<group>"; };
		4FB4746F22B11FD200130B9C /* ProfileViewModel.swift */ = {isa = PBXFileReference; lastKnownFileType = sourcecode.swift; path = ProfileViewModel.swift; sourceTree = "<group>"; };
		4FB4747122B120F600130B9C /* UIImageView+Common.swift */ = {isa = PBXFileReference; lastKnownFileType = sourcecode.swift; path = "UIImageView+Common.swift"; sourceTree = "<group>"; };
		4FB4747322B12A3400130B9C /* ProfitHeaderView.swift */ = {isa = PBXFileReference; lastKnownFileType = sourcecode.swift; path = ProfitHeaderView.swift; sourceTree = "<group>"; };
		4FB4747522B1491200130B9C /* ApplyWithdrawController.swift */ = {isa = PBXFileReference; lastKnownFileType = sourcecode.swift; path = ApplyWithdrawController.swift; sourceTree = "<group>"; };
		4FB4747722B1497B00130B9C /* RecordsViewController.swift */ = {isa = PBXFileReference; lastKnownFileType = sourcecode.swift; path = RecordsViewController.swift; sourceTree = "<group>"; };
		4FB4747922B149E600130B9C /* RecordCell.swift */ = {isa = PBXFileReference; lastKnownFileType = sourcecode.swift; path = RecordCell.swift; sourceTree = "<group>"; };
		4FB4747B22B1E1A400130B9C /* Record.swift */ = {isa = PBXFileReference; lastKnownFileType = sourcecode.swift; path = Record.swift; sourceTree = "<group>"; };
		4FB4747D22B1E66500130B9C /* RecordsViewModel.swift */ = {isa = PBXFileReference; lastKnownFileType = sourcecode.swift; path = RecordsViewModel.swift; sourceTree = "<group>"; };
		4FB4748122B27AD800130B9C /* StorageService.swift */ = {isa = PBXFileReference; lastKnownFileType = sourcecode.swift; path = StorageService.swift; sourceTree = "<group>"; };
		4FB4748322B27C0700130B9C /* StorageError.swift */ = {isa = PBXFileReference; lastKnownFileType = sourcecode.swift; path = StorageError.swift; sourceTree = "<group>"; };
		4FB4748522B27CB800130B9C /* KeychainStorage.swift */ = {isa = PBXFileReference; lastKnownFileType = sourcecode.swift; path = KeychainStorage.swift; sourceTree = "<group>"; };
		4FC021FF22A13E6600C4899A /* OneMinute.app */ = {isa = PBXFileReference; explicitFileType = wrapper.application; includeInIndex = 0; path = OneMinute.app; sourceTree = BUILT_PRODUCTS_DIR; };
		4FC0220222A13E6600C4899A /* AppDelegate.swift */ = {isa = PBXFileReference; lastKnownFileType = sourcecode.swift; path = AppDelegate.swift; sourceTree = "<group>"; };
		4FC0220422A13E6800C4899A /* Assets.xcassets */ = {isa = PBXFileReference; lastKnownFileType = folder.assetcatalog; path = Assets.xcassets; sourceTree = "<group>"; };
		4FC0220722A13E6800C4899A /* Base */ = {isa = PBXFileReference; lastKnownFileType = file.storyboard; name = Base; path = Base.lproj/LaunchScreen.storyboard; sourceTree = "<group>"; };
		4FCCA4C122A74A6C00F42C47 /* SigninViewController.swift */ = {isa = PBXFileReference; lastKnownFileType = sourcecode.swift; path = SigninViewController.swift; sourceTree = "<group>"; };
		4FCCA4C322A74B9E00F42C47 /* Common.swift */ = {isa = PBXFileReference; lastKnownFileType = sourcecode.swift; path = Common.swift; sourceTree = "<group>"; };
		4FCCA4C522A74CF400F42C47 /* InputField.swift */ = {isa = PBXFileReference; lastKnownFileType = sourcecode.swift; path = InputField.swift; sourceTree = "<group>"; };
		4FCCA4C822A756F700F42C47 /* UIColor+Common.swift */ = {isa = PBXFileReference; lastKnownFileType = sourcecode.swift; path = "UIColor+Common.swift"; sourceTree = "<group>"; };
		4FCCA4D422A7E97800F42C47 /* SigninViewModel.swift */ = {isa = PBXFileReference; lastKnownFileType = sourcecode.swift; path = SigninViewModel.swift; sourceTree = "<group>"; };
		4FCCA4D622A7F39300F42C47 /* SigninModel.swift */ = {isa = PBXFileReference; lastKnownFileType = sourcecode.swift; path = SigninModel.swift; sourceTree = "<group>"; };
		4FCCA4D922A7F3DD00F42C47 /* SigninService.swift */ = {isa = PBXFileReference; lastKnownFileType = sourcecode.swift; path = SigninService.swift; sourceTree = "<group>"; };
		4FCCA4DB22A7F50900F42C47 /* SigninServiceImpl.swift */ = {isa = PBXFileReference; lastKnownFileType = sourcecode.swift; path = SigninServiceImpl.swift; sourceTree = "<group>"; };
		4FCCA4DD22A8086200F42C47 /* ActivityIndicator.swift */ = {isa = PBXFileReference; lastKnownFileType = sourcecode.swift; path = ActivityIndicator.swift; sourceTree = "<group>"; };
		4FD6F5A622C39F5A0075B912 /* zh-Hans */ = {isa = PBXFileReference; lastKnownFileType = text.plist.strings; name = "zh-Hans"; path = "zh-Hans.lproj/LaunchScreen.strings"; sourceTree = "<group>"; };
		4FD6F5AA22C39FBF0075B912 /* zh-Hans */ = {isa = PBXFileReference; lastKnownFileType = text.plist.strings; name = "zh-Hans"; path = "zh-Hans.lproj/Localizable.strings"; sourceTree = "<group>"; };
		4FD6F5AC22C39FC70075B912 /* en */ = {isa = PBXFileReference; lastKnownFileType = text.plist.strings; name = en; path = en.lproj/Localizable.strings; sourceTree = "<group>"; };
		4FDF6DE822D4A4D100C18D58 /* en */ = {isa = PBXFileReference; lastKnownFileType = text.plist.strings; name = en; path = en.lproj/InfoPlist.strings; sourceTree = "<group>"; };
		4FDF6DEA22D4A4D200C18D58 /* zh-Hans */ = {isa = PBXFileReference; lastKnownFileType = text.plist.strings; name = "zh-Hans"; path = "zh-Hans.lproj/InfoPlist.strings"; sourceTree = "<group>"; };
		4FDF6DEB22D4A56200C18D58 /* Info.plist */ = {isa = PBXFileReference; fileEncoding = 4; lastKnownFileType = text.plist.xml; path = Info.plist; sourceTree = "<group>"; };
		4FF9B6E322C712EA006E0A60 /* UIKit+Rx.swift */ = {isa = PBXFileReference; lastKnownFileType = sourcecode.swift; path = "UIKit+Rx.swift"; sourceTree = "<group>"; };
		A8A5EE6A24F3EA3B769CC15C /* Pods-OneMinute.debug.xcconfig */ = {isa = PBXFileReference; includeInIndex = 1; lastKnownFileType = text.xcconfig; name = "Pods-OneMinute.debug.xcconfig"; path = "Target Support Files/Pods-OneMinute/Pods-OneMinute.debug.xcconfig"; sourceTree = "<group>"; };
		AC752C18C7B1F3C814F0288C /* Pods-OneMinute.release.xcconfig */ = {isa = PBXFileReference; includeInIndex = 1; lastKnownFileType = text.xcconfig; name = "Pods-OneMinute.release.xcconfig"; path = "Target Support Files/Pods-OneMinute/Pods-OneMinute.release.xcconfig"; sourceTree = "<group>"; };
		E55756C80612AB771DE26544 /* Pods_OneMinute.framework */ = {isa = PBXFileReference; explicitFileType = wrapper.framework; includeInIndex = 0; path = Pods_OneMinute.framework; sourceTree = BUILT_PRODUCTS_DIR; };
/* End PBXFileReference section */

/* Begin PBXFrameworksBuildPhase section */
		4FC021FC22A13E6600C4899A /* Frameworks */ = {
			isa = PBXFrameworksBuildPhase;
			buildActionMask = 2147483647;
			files = (
				EE87A069BCFCC5137B4145E7 /* Pods_OneMinute.framework in Frameworks */,
			);
			runOnlyForDeploymentPostprocessing = 0;
		};
/* End PBXFrameworksBuildPhase section */

/* Begin PBXGroup section */
		3E88303746CEEC262F7FB936 /* Frameworks */ = {
			isa = PBXGroup;
			children = (
				E55756C80612AB771DE26544 /* Pods_OneMinute.framework */,
			);
			name = Frameworks;
			sourceTree = "<group>";
		};
		4D5A8BFD366AD598088600C4 /* Pods */ = {
			isa = PBXGroup;
			children = (
				A8A5EE6A24F3EA3B769CC15C /* Pods-OneMinute.debug.xcconfig */,
				AC752C18C7B1F3C814F0288C /* Pods-OneMinute.release.xcconfig */,
			);
			path = Pods;
			sourceTree = "<group>";
		};
		4F527E4322B31B9100BF875C /* Service */ = {
			isa = PBXGroup;
			children = (
				4F527E4422B31BAE00BF875C /* NetworkService.swift */,
				4F527E4622B31CE000BF875C /* NetworkServiceImpl.swift */,
				4F527E4822B3258A00BF875C /* OneMinuteAPI.swift */,
			);
			path = Service;
			sourceTree = "<group>";
		};
		4F7E09D422A91D8300857FF6 /* Main */ = {
			isa = PBXGroup;
			children = (
				4F527E4322B31B9100BF875C /* Service */,
				4F7E09F122A9EDDC00857FF6 /* Model */,
				4F7E09FE22AA06AD00857FF6 /* View */,
				4F7E0A1522ABB36600857FF6 /* ViewModel */,
				4F7E09D722A91DA300857FF6 /* ViewController */,
			);
			path = Main;
			sourceTree = "<group>";
		};
		4F7E09D722A91DA300857FF6 /* ViewController */ = {
			isa = PBXGroup;
			children = (
				4F7E09D822A91DAF00857FF6 /* LauncherViewController.swift */,
				4F7E09F622A9F23900857FF6 /* BaseViewController.swift */,
				4F7E0A1622AC13EC00857FF6 /* OrderBaseViewController.swift */,
			);
			path = ViewController;
			sourceTree = "<group>";
		};
		4F7E09DA22A91E9200857FF6 /* ViewController */ = {
			isa = PBXGroup;
			children = (
				4F7E09DF22A91EB200857FF6 /* GrabViewController.swift */,
			);
			path = ViewController;
			sourceTree = "<group>";
		};
		4F7E09DB22A91E9800857FF6 /* ViewModel */ = {
			isa = PBXGroup;
			children = (
				4F7E0A0722AA3F6700857FF6 /* GrabViewModel.swift */,
			);
			path = ViewModel;
			sourceTree = "<group>";
		};
		4F7E09DC22A91E9E00857FF6 /* View */ = {
			isa = PBXGroup;
			children = (
			);
			path = View;
			sourceTree = "<group>";
		};
		4F7E09DD22A91EA200857FF6 /* Model */ = {
			isa = PBXGroup;
			children = (
			);
			path = Model;
			sourceTree = "<group>";
		};
		4F7E09DE22A91EA800857FF6 /* Service */ = {
			isa = PBXGroup;
			children = (
				4F7E09EF22A9EA9400857FF6 /* GrabService.swift */,
				4F7E0A0522AA3A9F00857FF6 /* GrabServiceImpl.swift */,
				4F2CD85822BC84DA00137CFE /* LBSService.swift */,
				4F2CD85A22BC865300137CFE /* LBSServiceImpl.swift */,
			);
			path = Service;
			sourceTree = "<group>";
		};
		4F7E09E122A91EE000857FF6 /* ViewController */ = {
			isa = PBXGroup;
			children = (
				4F7E09E622A91F0200857FF6 /* OrderViewController.swift */,
				4F7E0A1822AD575F00857FF6 /* OrderDetailViewController.swift */,
			);
			path = ViewController;
			sourceTree = "<group>";
		};
		4F7E09E222A91EE600857FF6 /* ViewModel */ = {
			isa = PBXGroup;
			children = (
				4F7E0A1322ABAF0E00857FF6 /* OrderViewModel.swift */,
				4FB4744F22AE77B400130B9C /* OrderDetailViewModel.swift */,
			);
			path = ViewModel;
			sourceTree = "<group>";
		};
		4F7E09E322A91EEB00857FF6 /* View */ = {
			isa = PBXGroup;
			children = (
				4F7E0A0D22AB5C6600857FF6 /* CategoryView.swift */,
				4FB4745422AFC94000130B9C /* DealPopupView.swift */,
				4F2CD85C22BCD1A900137CFE /* GradientPolylineRenderer.swift */,
			);
			path = View;
			sourceTree = "<group>";
		};
		4F7E09E422A91EF100857FF6 /* Model */ = {
			isa = PBXGroup;
			children = (
				4F7E0A1A22AD585E00857FF6 /* OrderDetail.swift */,
			);
			path = Model;
			sourceTree = "<group>";
		};
		4F7E09E522A91EF700857FF6 /* Service */ = {
			isa = PBXGroup;
			children = (
				4F7E0A0F22AB695D00857FF6 /* OrderService.swift */,
				4F7E0A1122AB696300857FF6 /* OrderServiceImpl.swift */,
			);
			path = Service;
			sourceTree = "<group>";
		};
		4F7E09E822A91F2900857FF6 /* ViewController */ = {
			isa = PBXGroup;
			children = (
				4F7E09ED22A91F4B00857FF6 /* ProfileViewController.swift */,
				4FB4745E22B0958600130B9C /* LanguageViewController.swift */,
				4FB4745C22B0954F00130B9C /* RuleViewController.swift */,
				4FB4745A22B094FB00130B9C /* AboutViewController.swift */,
				4FB4746022B096BD00130B9C /* ProfitViewController.swift */,
				4FB4747522B1491200130B9C /* ApplyWithdrawController.swift */,
				4FB4747722B1497B00130B9C /* RecordsViewController.swift */,
			);
			path = ViewController;
			sourceTree = "<group>";
		};
		4F7E09E922A91F3300857FF6 /* ViewModel */ = {
			isa = PBXGroup;
			children = (
				4FB4746F22B11FD200130B9C /* ProfileViewModel.swift */,
				4FB4747D22B1E66500130B9C /* RecordsViewModel.swift */,
				4F2CD85E22BE794700137CFE /* ApplyWithdrawViewModel.swift */,
			);
			path = ViewModel;
			sourceTree = "<group>";
		};
		4F7E09EA22A91F3800857FF6 /* View */ = {
			isa = PBXGroup;
			children = (
				4FB4745622B083A200130B9C /* ProfileHeaderView.swift */,
				4FB4747322B12A3400130B9C /* ProfitHeaderView.swift */,
				4FB4747922B149E600130B9C /* RecordCell.swift */,
			);
			path = View;
			sourceTree = "<group>";
		};
		4F7E09EB22A91F3D00857FF6 /* Model */ = {
			isa = PBXGroup;
			children = (
				4FB4745822B090DA00130B9C /* SettingItem.swift */,
				4FB4746622B1148E00130B9C /* Config.swift */,
				4FB4746A22B11CEC00130B9C /* User.swift */,
				4FB4747B22B1E1A400130B9C /* Record.swift */,
				4FB4748322B27C0700130B9C /* StorageError.swift */,
				4F2CD86022BE79F900137CFE /* WithdrawAccount.swift */,
			);
			path = Model;
			sourceTree = "<group>";
		};
		4F7E09EC22A91F4100857FF6 /* Service */ = {
			isa = PBXGroup;
			children = (
				4FB4746822B11CA500130B9C /* ProfileService.swift */,
				4FB4746D22B11F6300130B9C /* ProfileServiceImpl.swift */,
				4FB4748122B27AD800130B9C /* StorageService.swift */,
				4FB4748522B27CB800130B9C /* KeychainStorage.swift */,
			);
			path = Service;
			sourceTree = "<group>";
		};
		4F7E09F122A9EDDC00857FF6 /* Model */ = {
			isa = PBXGroup;
			children = (
				4F7E09F222A9EDE200857FF6 /* Order.swift */,
				4F7E09F422A9EF9400857FF6 /* OrderProgress.swift */,
				4F7E0A0122AA06EE00857FF6 /* OrderCellModel.swift */,
				4F527E6022B4B93D00BF875C /* Result.swift */,
			);
			path = Model;
			sourceTree = "<group>";
		};
		4F7E09FE22AA06AD00857FF6 /* View */ = {
			isa = PBXGroup;
			children = (
				4F7E09FF22AA06BD00857FF6 /* OrderCell.swift */,
			);
			path = View;
			sourceTree = "<group>";
		};
		4F7E0A1522ABB36600857FF6 /* ViewModel */ = {
			isa = PBXGroup;
			children = (
			);
			path = ViewModel;
			sourceTree = "<group>";
		};
		4FC021F622A13E6600C4899A = {
			isa = PBXGroup;
			children = (
				4FC0220122A13E6600C4899A /* OneMinute */,
				4FC0220022A13E6600C4899A /* Products */,
				4D5A8BFD366AD598088600C4 /* Pods */,
				3E88303746CEEC262F7FB936 /* Frameworks */,
			);
			sourceTree = "<group>";
		};
		4FC0220022A13E6600C4899A /* Products */ = {
			isa = PBXGroup;
			children = (
				4FC021FF22A13E6600C4899A /* OneMinute.app */,
			);
			name = Products;
			sourceTree = "<group>";
		};
		4FC0220122A13E6600C4899A /* OneMinute */ = {
			isa = PBXGroup;
			children = (
				4F7B3B3422C9921A00C1DFAE /* OneMinute.entitlements */,
				4F7E09D422A91D8300857FF6 /* Main */,
				4FC0221122A13EBE00C4899A /* Sign */,
				4FC0221222A1477900C4899A /* Grab */,
				4FC0220F22A13EAF00C4899A /* Order */,
				4FC0221022A13EB400C4899A /* Profile */,
				4FC0221322A1478B00C4899A /* Common */,
				4FC0220222A13E6600C4899A /* AppDelegate.swift */,
				4FC0220422A13E6800C4899A /* Assets.xcassets */,
				4FC0220622A13E6800C4899A /* LaunchScreen.storyboard */,
				4FDF6DEB22D4A56200C18D58 /* Info.plist */,
				4FDF6DE922D4A4D100C18D58 /* InfoPlist.strings */,
				4FD6F5AB22C39FBF0075B912 /* Localizable.strings */,
				4F7B3B3522C9931D00C1DFAE /* OneMinute-Bridging-Header.h */,
			);
			path = OneMinute;
			sourceTree = "<group>";
		};
		4FC0220F22A13EAF00C4899A /* Order */ = {
			isa = PBXGroup;
			children = (
				4F7E09E522A91EF700857FF6 /* Service */,
				4F7E09E422A91EF100857FF6 /* Model */,
				4F7E09E322A91EEB00857FF6 /* View */,
				4F7E09E222A91EE600857FF6 /* ViewModel */,
				4F7E09E122A91EE000857FF6 /* ViewController */,
			);
			path = Order;
			sourceTree = "<group>";
		};
		4FC0221022A13EB400C4899A /* Profile */ = {
			isa = PBXGroup;
			children = (
				4F7E09EC22A91F4100857FF6 /* Service */,
				4F7E09EB22A91F3D00857FF6 /* Model */,
				4F7E09EA22A91F3800857FF6 /* View */,
				4F7E09E922A91F3300857FF6 /* ViewModel */,
				4F7E09E822A91F2900857FF6 /* ViewController */,
			);
			path = Profile;
			sourceTree = "<group>";
		};
		4FC0221122A13EBE00C4899A /* Sign */ = {
			isa = PBXGroup;
			children = (
				4FCCA4D822A7F3D200F42C47 /* Service */,
				4FCCA4C022A74A5B00F42C47 /* Model */,
				4FCCA4BF22A74A5600F42C47 /* View */,
				4FCCA4BE22A74A5100F42C47 /* ViewModel */,
				4FCCA4BD22A74A4A00F42C47 /* ViewController */,
			);
			path = Sign;
			sourceTree = "<group>";
		};
		4FC0221222A1477900C4899A /* Grab */ = {
			isa = PBXGroup;
			children = (
				4F7E09DE22A91EA800857FF6 /* Service */,
				4F7E09DD22A91EA200857FF6 /* Model */,
				4F7E09DC22A91E9E00857FF6 /* View */,
				4F7E09DB22A91E9800857FF6 /* ViewModel */,
				4F7E09DA22A91E9200857FF6 /* ViewController */,
			);
			path = Grab;
			sourceTree = "<group>";
		};
		4FC0221322A1478B00C4899A /* Common */ = {
			isa = PBXGroup;
			children = (
				4FCCA4C722A756E700F42C47 /* Extensions */,
				4FCCA4C322A74B9E00F42C47 /* Common.swift */,
				4FCCA4DD22A8086200F42C47 /* ActivityIndicator.swift */,
			);
			path = Common;
			sourceTree = "<group>";
		};
		4FCCA4BD22A74A4A00F42C47 /* ViewController */ = {
			isa = PBXGroup;
			children = (
				4FCCA4C122A74A6C00F42C47 /* SigninViewController.swift */,
			);
			path = ViewController;
			sourceTree = "<group>";
		};
		4FCCA4BE22A74A5100F42C47 /* ViewModel */ = {
			isa = PBXGroup;
			children = (
				4FCCA4D422A7E97800F42C47 /* SigninViewModel.swift */,
			);
			path = ViewModel;
			sourceTree = "<group>";
		};
		4FCCA4BF22A74A5600F42C47 /* View */ = {
			isa = PBXGroup;
			children = (
				4FCCA4C522A74CF400F42C47 /* InputField.swift */,
			);
			path = View;
			sourceTree = "<group>";
		};
		4FCCA4C022A74A5B00F42C47 /* Model */ = {
			isa = PBXGroup;
			children = (
				4FCCA4D622A7F39300F42C47 /* SigninModel.swift */,
			);
			path = Model;
			sourceTree = "<group>";
		};
		4FCCA4C722A756E700F42C47 /* Extensions */ = {
			isa = PBXGroup;
			children = (
				4FCCA4C822A756F700F42C47 /* UIColor+Common.swift */,
				4F7E09FC22AA029100857FF6 /* String+Common.swift */,
				4FB4747122B120F600130B9C /* UIImageView+Common.swift */,
				4F7E0A0322AA126F00857FF6 /* ViewFactory.swift */,
				4F7E0A0922AA589C00857FF6 /* UIScrollView+Common.swift */,
				4FF9B6E322C712EA006E0A60 /* UIKit+Rx.swift */,
			);
			path = Extensions;
			sourceTree = "<group>";
		};
		4FCCA4D822A7F3D200F42C47 /* Service */ = {
			isa = PBXGroup;
			children = (
				4FCCA4D922A7F3DD00F42C47 /* SigninService.swift */,
				4FCCA4DB22A7F50900F42C47 /* SigninServiceImpl.swift */,
			);
			path = Service;
			sourceTree = "<group>";
		};
/* End PBXGroup section */

/* Begin PBXNativeTarget section */
		4FC021FE22A13E6600C4899A /* OneMinute */ = {
			isa = PBXNativeTarget;
			buildConfigurationList = 4FC0220C22A13E6800C4899A /* Build configuration list for PBXNativeTarget "OneMinute" */;
			buildPhases = (
				E994794ED3034BD59C1FD3B1 /* [CP] Check Pods Manifest.lock */,
				4FC021FB22A13E6600C4899A /* Sources */,
				4FC021FC22A13E6600C4899A /* Frameworks */,
				4FC021FD22A13E6600C4899A /* Resources */,
				D35EA4486A14D5FD1AB4D26C /* [CP] Embed Pods Frameworks */,
			);
			buildRules = (
			);
			dependencies = (
			);
			name = OneMinute;
			productName = OneMinute;
			productReference = 4FC021FF22A13E6600C4899A /* OneMinute.app */;
			productType = "com.apple.product-type.application";
		};
/* End PBXNativeTarget section */

/* Begin PBXProject section */
		4FC021F722A13E6600C4899A /* Project object */ = {
			isa = PBXProject;
			attributes = {
				LastSwiftUpdateCheck = 1020;
				LastUpgradeCheck = 1020;
				ORGANIZATIONNAME = yizhuo.cyz;
				TargetAttributes = {
					4FC021FE22A13E6600C4899A = {
						CreatedOnToolsVersion = 10.2;
						LastSwiftMigration = 1020;
						SystemCapabilities = {
							com.apple.Push = {
								enabled = 1;
							};
						};
					};
				};
			};
			buildConfigurationList = 4FC021FA22A13E6600C4899A /* Build configuration list for PBXProject "OneMinute" */;
			compatibilityVersion = "Xcode 9.3";
			developmentRegion = en;
			hasScannedForEncodings = 0;
			knownRegions = (
				en,
				Base,
				"zh-Hans",
			);
			mainGroup = 4FC021F622A13E6600C4899A;
			productRefGroup = 4FC0220022A13E6600C4899A /* Products */;
			projectDirPath = "";
			projectRoot = "";
			targets = (
				4FC021FE22A13E6600C4899A /* OneMinute */,
			);
		};
/* End PBXProject section */

/* Begin PBXResourcesBuildPhase section */
		4FC021FD22A13E6600C4899A /* Resources */ = {
			isa = PBXResourcesBuildPhase;
			buildActionMask = 2147483647;
			files = (
				4FC0220522A13E6800C4899A /* Assets.xcassets in Resources */,
				4FDF6DE722D4A4D100C18D58 /* InfoPlist.strings in Resources */,
				4FD6F5A922C39FBF0075B912 /* Localizable.strings in Resources */,
				4FC0220822A13E6800C4899A /* LaunchScreen.storyboard in Resources */,
			);
			runOnlyForDeploymentPostprocessing = 0;
		};
/* End PBXResourcesBuildPhase section */

/* Begin PBXShellScriptBuildPhase section */
		D35EA4486A14D5FD1AB4D26C /* [CP] Embed Pods Frameworks */ = {
			isa = PBXShellScriptBuildPhase;
			buildActionMask = 2147483647;
			files = (
			);
			inputFileListPaths = (
				"${PODS_ROOT}/Target Support Files/Pods-OneMinute/Pods-OneMinute-frameworks-${CONFIGURATION}-input-files.xcfilelist",
			);
			name = "[CP] Embed Pods Frameworks";
			outputFileListPaths = (
				"${PODS_ROOT}/Target Support Files/Pods-OneMinute/Pods-OneMinute-frameworks-${CONFIGURATION}-output-files.xcfilelist",
			);
			runOnlyForDeploymentPostprocessing = 0;
			shellPath = /bin/sh;
			shellScript = "\"${PODS_ROOT}/Target Support Files/Pods-OneMinute/Pods-OneMinute-frameworks.sh\"\n";
			showEnvVarsInLog = 0;
		};
		E994794ED3034BD59C1FD3B1 /* [CP] Check Pods Manifest.lock */ = {
			isa = PBXShellScriptBuildPhase;
			buildActionMask = 2147483647;
			files = (
			);
			inputFileListPaths = (
			);
			inputPaths = (
				"${PODS_PODFILE_DIR_PATH}/Podfile.lock",
				"${PODS_ROOT}/Manifest.lock",
			);
			name = "[CP] Check Pods Manifest.lock";
			outputFileListPaths = (
			);
			outputPaths = (
				"$(DERIVED_FILE_DIR)/Pods-OneMinute-checkManifestLockResult.txt",
			);
			runOnlyForDeploymentPostprocessing = 0;
			shellPath = /bin/sh;
			shellScript = "diff \"${PODS_PODFILE_DIR_PATH}/Podfile.lock\" \"${PODS_ROOT}/Manifest.lock\" > /dev/null\nif [ $? != 0 ] ; then\n    # print error to STDERR\n    echo \"error: The sandbox is not in sync with the Podfile.lock. Run 'pod install' or update your CocoaPods installation.\" >&2\n    exit 1\nfi\n# This output is used by Xcode 'outputs' to avoid re-running this script phase.\necho \"SUCCESS\" > \"${SCRIPT_OUTPUT_FILE_0}\"\n";
			showEnvVarsInLog = 0;
		};
/* End PBXShellScriptBuildPhase section */

/* Begin PBXSourcesBuildPhase section */
		4FC021FB22A13E6600C4899A /* Sources */ = {
			isa = PBXSourcesBuildPhase;
			buildActionMask = 2147483647;
			files = (
				4F527E6122B4B93D00BF875C /* Result.swift in Sources */,
				4FCCA4D722A7F39300F42C47 /* SigninModel.swift in Sources */,
				4FB4747622B1491200130B9C /* ApplyWithdrawController.swift in Sources */,
				4FB4746922B11CA500130B9C /* ProfileService.swift in Sources */,
				4F7E09D922A91DAF00857FF6 /* LauncherViewController.swift in Sources */,
				4F7E09F322A9EDE200857FF6 /* Order.swift in Sources */,
				4F7E09E722A91F0200857FF6 /* OrderViewController.swift in Sources */,
				4F2CD86122BE79F900137CFE /* WithdrawAccount.swift in Sources */,
				4F7E09E022A91EB200857FF6 /* GrabViewController.swift in Sources */,
				4FB4748222B27AD800130B9C /* StorageService.swift in Sources */,
				4FB4745D22B0954F00130B9C /* RuleViewController.swift in Sources */,
				4F7E09FD22AA029100857FF6 /* String+Common.swift in Sources */,
				4FB4747822B1497B00130B9C /* RecordsViewController.swift in Sources */,
				4F7E09F722A9F23900857FF6 /* BaseViewController.swift in Sources */,
				4F7E09F522A9EF9400857FF6 /* OrderProgress.swift in Sources */,
				4FB4745522AFC94000130B9C /* DealPopupView.swift in Sources */,
				4FB4745F22B0958600130B9C /* LanguageViewController.swift in Sources */,
				4F7E0A1922AD575F00857FF6 /* OrderDetailViewController.swift in Sources */,
				4F7E09EE22A91F4B00857FF6 /* ProfileViewController.swift in Sources */,
				4F7E09F022A9EA9400857FF6 /* GrabService.swift in Sources */,
				4F7E0A0022AA06BD00857FF6 /* OrderCell.swift in Sources */,
				4F7E0A1B22AD585E00857FF6 /* OrderDetail.swift in Sources */,
				4F7E0A0222AA06EE00857FF6 /* OrderCellModel.swift in Sources */,
				4FB4746722B1148E00130B9C /* Config.swift in Sources */,
				4FCCA4D522A7E97800F42C47 /* SigninViewModel.swift in Sources */,
				4FCCA4C222A74A6C00F42C47 /* SigninViewController.swift in Sources */,
				4FB4748622B27CB800130B9C /* KeychainStorage.swift in Sources */,
				4F7E0A0A22AA589C00857FF6 /* UIScrollView+Common.swift in Sources */,
				4F7E0A0822AA3F6700857FF6 /* GrabViewModel.swift in Sources */,
				4FCCA4C422A74B9E00F42C47 /* Common.swift in Sources */,
				4FB4746E22B11F6300130B9C /* ProfileServiceImpl.swift in Sources */,
				4FB4747E22B1E66500130B9C /* RecordsViewModel.swift in Sources */,
				4F7E0A0622AA3A9F00857FF6 /* GrabServiceImpl.swift in Sources */,
				4FB4745922B090DA00130B9C /* SettingItem.swift in Sources */,
				4FC0220322A13E6600C4899A /* AppDelegate.swift in Sources */,
				4F527E4522B31BAE00BF875C /* NetworkService.swift in Sources */,
				4FCCA4C622A74CF400F42C47 /* InputField.swift in Sources */,
				4FCCA4DE22A8086200F42C47 /* ActivityIndicator.swift in Sources */,
				4F7E0A1022AB695D00857FF6 /* OrderService.swift in Sources */,
				4FCCA4C922A756F700F42C47 /* UIColor+Common.swift in Sources */,
				4FB4746B22B11CEC00130B9C /* User.swift in Sources */,
				4FB4745B22B094FB00130B9C /* AboutViewController.swift in Sources */,
				4F7E0A0422AA126F00857FF6 /* ViewFactory.swift in Sources */,
				4FCCA4DA22A7F3DD00F42C47 /* SigninService.swift in Sources */,
				4FB4746122B096BD00130B9C /* ProfitViewController.swift in Sources */,
				4FB4747022B11FD200130B9C /* ProfileViewModel.swift in Sources */,
				4F7E0A1722AC13EC00857FF6 /* OrderBaseViewController.swift in Sources */,
				4F2CD85D22BCD1A900137CFE /* GradientPolylineRenderer.swift in Sources */,
				4F527E4722B31CE000BF875C /* NetworkServiceImpl.swift in Sources */,
				4FCCA4DC22A7F50900F42C47 /* SigninServiceImpl.swift in Sources */,
				4F527E4922B3258A00BF875C /* OneMinuteAPI.swift in Sources */,
				4FB4748422B27C0700130B9C /* StorageError.swift in Sources */,
				4FB4747422B12A3400130B9C /* ProfitHeaderView.swift in Sources */,
				4F2CD85B22BC865300137CFE /* LBSServiceImpl.swift in Sources */,
				4FB4745722B083A200130B9C /* ProfileHeaderView.swift in Sources */,
				4FB4745022AE77B400130B9C /* OrderDetailViewModel.swift in Sources */,
				4F2CD85922BC84DA00137CFE /* LBSService.swift in Sources */,
				4FB4747C22B1E1A400130B9C /* Record.swift in Sources */,
				4FB4747A22B149E600130B9C /* RecordCell.swift in Sources */,
				4F2CD85F22BE794700137CFE /* ApplyWithdrawViewModel.swift in Sources */,
				4F7E0A1422ABAF0E00857FF6 /* OrderViewModel.swift in Sources */,
				4F7E0A1222AB696300857FF6 /* OrderServiceImpl.swift in Sources */,
				4F7E0A0E22AB5C6600857FF6 /* CategoryView.swift in Sources */,
				4FB4747222B120F600130B9C /* UIImageView+Common.swift in Sources */,
				4FF9B6E422C712EA006E0A60 /* UIKit+Rx.swift in Sources */,
			);
			runOnlyForDeploymentPostprocessing = 0;
		};
/* End PBXSourcesBuildPhase section */

/* Begin PBXVariantGroup section */
		4FC0220622A13E6800C4899A /* LaunchScreen.storyboard */ = {
			isa = PBXVariantGroup;
			children = (
				4FC0220722A13E6800C4899A /* Base */,
				4FD6F5A622C39F5A0075B912 /* zh-Hans */,
			);
			name = LaunchScreen.storyboard;
			sourceTree = "<group>";
		};
		4FD6F5AB22C39FBF0075B912 /* Localizable.strings */ = {
			isa = PBXVariantGroup;
			children = (
				4FD6F5AA22C39FBF0075B912 /* zh-Hans */,
				4FD6F5AC22C39FC70075B912 /* en */,
			);
			name = Localizable.strings;
			sourceTree = "<group>";
		};
		4FDF6DE922D4A4D100C18D58 /* InfoPlist.strings */ = {
			isa = PBXVariantGroup;
			children = (
				4FDF6DE822D4A4D100C18D58 /* en */,
				4FDF6DEA22D4A4D200C18D58 /* zh-Hans */,
			);
			name = InfoPlist.strings;
			sourceTree = "<group>";
		};
/* End PBXVariantGroup section */

/* Begin XCBuildConfiguration section */
		4FC0220A22A13E6800C4899A /* Debug */ = {
			isa = XCBuildConfiguration;
			buildSettings = {
				ALWAYS_SEARCH_USER_PATHS = NO;
				CLANG_ANALYZER_LOCALIZABILITY_NONLOCALIZED = YES;
				CLANG_ANALYZER_NONNULL = YES;
				CLANG_ANALYZER_NUMBER_OBJECT_CONVERSION = YES_AGGRESSIVE;
				CLANG_CXX_LANGUAGE_STANDARD = "gnu++14";
				CLANG_CXX_LIBRARY = "libc++";
				CLANG_ENABLE_MODULES = YES;
				CLANG_ENABLE_OBJC_ARC = YES;
				CLANG_ENABLE_OBJC_WEAK = YES;
				CLANG_WARN_BLOCK_CAPTURE_AUTORELEASING = YES;
				CLANG_WARN_BOOL_CONVERSION = YES;
				CLANG_WARN_COMMA = YES;
				CLANG_WARN_CONSTANT_CONVERSION = YES;
				CLANG_WARN_DEPRECATED_OBJC_IMPLEMENTATIONS = YES;
				CLANG_WARN_DIRECT_OBJC_ISA_USAGE = YES_ERROR;
				CLANG_WARN_DOCUMENTATION_COMMENTS = YES;
				CLANG_WARN_EMPTY_BODY = YES;
				CLANG_WARN_ENUM_CONVERSION = YES;
				CLANG_WARN_INFINITE_RECURSION = YES;
				CLANG_WARN_INT_CONVERSION = YES;
				CLANG_WARN_NON_LITERAL_NULL_CONVERSION = YES;
				CLANG_WARN_OBJC_IMPLICIT_RETAIN_SELF = YES;
				CLANG_WARN_OBJC_LITERAL_CONVERSION = YES;
				CLANG_WARN_OBJC_ROOT_CLASS = YES_ERROR;
				CLANG_WARN_RANGE_LOOP_ANALYSIS = YES;
				CLANG_WARN_STRICT_PROTOTYPES = YES;
				CLANG_WARN_SUSPICIOUS_MOVE = YES;
				CLANG_WARN_UNGUARDED_AVAILABILITY = YES_AGGRESSIVE;
				CLANG_WARN_UNREACHABLE_CODE = YES;
				CLANG_WARN__DUPLICATE_METHOD_MATCH = YES;
				CODE_SIGN_IDENTITY = "iPhone Developer";
				COPY_PHASE_STRIP = NO;
				DEBUG_INFORMATION_FORMAT = dwarf;
				ENABLE_STRICT_OBJC_MSGSEND = YES;
				ENABLE_TESTABILITY = YES;
				GCC_C_LANGUAGE_STANDARD = gnu11;
				GCC_DYNAMIC_NO_PIC = NO;
				GCC_NO_COMMON_BLOCKS = YES;
				GCC_OPTIMIZATION_LEVEL = 0;
				GCC_PREPROCESSOR_DEFINITIONS = (
					"DEBUG=1",
					"$(inherited)",
				);
				GCC_WARN_64_TO_32_BIT_CONVERSION = YES;
				GCC_WARN_ABOUT_RETURN_TYPE = YES_ERROR;
				GCC_WARN_UNDECLARED_SELECTOR = YES;
				GCC_WARN_UNINITIALIZED_AUTOS = YES_AGGRESSIVE;
				GCC_WARN_UNUSED_FUNCTION = YES;
				GCC_WARN_UNUSED_VARIABLE = YES;
				IPHONEOS_DEPLOYMENT_TARGET = 12.2;
				MTL_ENABLE_DEBUG_INFO = INCLUDE_SOURCE;
				MTL_FAST_MATH = YES;
				ONLY_ACTIVE_ARCH = YES;
				SDKROOT = iphoneos;
				SWIFT_ACTIVE_COMPILATION_CONDITIONS = DEBUG;
				SWIFT_OPTIMIZATION_LEVEL = "-Onone";
			};
			name = Debug;
		};
		4FC0220B22A13E6800C4899A /* Release */ = {
			isa = XCBuildConfiguration;
			buildSettings = {
				ALWAYS_SEARCH_USER_PATHS = NO;
				CLANG_ANALYZER_LOCALIZABILITY_NONLOCALIZED = YES;
				CLANG_ANALYZER_NONNULL = YES;
				CLANG_ANALYZER_NUMBER_OBJECT_CONVERSION = YES_AGGRESSIVE;
				CLANG_CXX_LANGUAGE_STANDARD = "gnu++14";
				CLANG_CXX_LIBRARY = "libc++";
				CLANG_ENABLE_MODULES = YES;
				CLANG_ENABLE_OBJC_ARC = YES;
				CLANG_ENABLE_OBJC_WEAK = YES;
				CLANG_WARN_BLOCK_CAPTURE_AUTORELEASING = YES;
				CLANG_WARN_BOOL_CONVERSION = YES;
				CLANG_WARN_COMMA = YES;
				CLANG_WARN_CONSTANT_CONVERSION = YES;
				CLANG_WARN_DEPRECATED_OBJC_IMPLEMENTATIONS = YES;
				CLANG_WARN_DIRECT_OBJC_ISA_USAGE = YES_ERROR;
				CLANG_WARN_DOCUMENTATION_COMMENTS = YES;
				CLANG_WARN_EMPTY_BODY = YES;
				CLANG_WARN_ENUM_CONVERSION = YES;
				CLANG_WARN_INFINITE_RECURSION = YES;
				CLANG_WARN_INT_CONVERSION = YES;
				CLANG_WARN_NON_LITERAL_NULL_CONVERSION = YES;
				CLANG_WARN_OBJC_IMPLICIT_RETAIN_SELF = YES;
				CLANG_WARN_OBJC_LITERAL_CONVERSION = YES;
				CLANG_WARN_OBJC_ROOT_CLASS = YES_ERROR;
				CLANG_WARN_RANGE_LOOP_ANALYSIS = YES;
				CLANG_WARN_STRICT_PROTOTYPES = YES;
				CLANG_WARN_SUSPICIOUS_MOVE = YES;
				CLANG_WARN_UNGUARDED_AVAILABILITY = YES_AGGRESSIVE;
				CLANG_WARN_UNREACHABLE_CODE = YES;
				CLANG_WARN__DUPLICATE_METHOD_MATCH = YES;
				CODE_SIGN_IDENTITY = "iPhone Developer";
				COPY_PHASE_STRIP = NO;
				DEBUG_INFORMATION_FORMAT = "dwarf-with-dsym";
				ENABLE_NS_ASSERTIONS = NO;
				ENABLE_STRICT_OBJC_MSGSEND = YES;
				GCC_C_LANGUAGE_STANDARD = gnu11;
				GCC_NO_COMMON_BLOCKS = YES;
				GCC_WARN_64_TO_32_BIT_CONVERSION = YES;
				GCC_WARN_ABOUT_RETURN_TYPE = YES_ERROR;
				GCC_WARN_UNDECLARED_SELECTOR = YES;
				GCC_WARN_UNINITIALIZED_AUTOS = YES_AGGRESSIVE;
				GCC_WARN_UNUSED_FUNCTION = YES;
				GCC_WARN_UNUSED_VARIABLE = YES;
				IPHONEOS_DEPLOYMENT_TARGET = 12.2;
				MTL_ENABLE_DEBUG_INFO = NO;
				MTL_FAST_MATH = YES;
				SDKROOT = iphoneos;
				SWIFT_COMPILATION_MODE = wholemodule;
				SWIFT_OPTIMIZATION_LEVEL = "-O";
				VALIDATE_PRODUCT = YES;
			};
			name = Release;
		};
		4FC0220D22A13E6800C4899A /* Debug */ = {
			isa = XCBuildConfiguration;
			baseConfigurationReference = A8A5EE6A24F3EA3B769CC15C /* Pods-OneMinute.debug.xcconfig */;
			buildSettings = {
				ASSETCATALOG_COMPILER_APPICON_NAME = AppIcon;
				CLANG_ENABLE_MODULES = YES;
				CODE_SIGN_ENTITLEMENTS = OneMinute/OneMinute.entitlements;
				CODE_SIGN_IDENTITY = "iPhone Developer";
				CODE_SIGN_STYLE = Automatic;
				DEVELOPMENT_TEAM = T7FYUZX44L;
				INFOPLIST_FILE = OneMinute/Info.plist;
				IPHONEOS_DEPLOYMENT_TARGET = 9.0;
				LD_RUNPATH_SEARCH_PATHS = (
					"$(inherited)",
					"@executable_path/Frameworks",
				);
				PRODUCT_BUNDLE_IDENTIFIER = com.alexliu.OneMinute;
				PRODUCT_NAME = "$(TARGET_NAME)";
				PROVISIONING_PROFILE_SPECIFIER = "";
				SWIFT_OBJC_BRIDGING_HEADER = "OneMinute/OneMinute-Bridging-Header.h";
				SWIFT_OPTIMIZATION_LEVEL = "-Onone";
				SWIFT_VERSION = 5.0;
				TARGETED_DEVICE_FAMILY = 1;
			};
			name = Debug;
		};
		4FC0220E22A13E6800C4899A /* Release */ = {
			isa = XCBuildConfiguration;
			baseConfigurationReference = AC752C18C7B1F3C814F0288C /* Pods-OneMinute.release.xcconfig */;
			buildSettings = {
				ASSETCATALOG_COMPILER_APPICON_NAME = AppIcon;
				CLANG_ENABLE_MODULES = YES;
				CODE_SIGN_ENTITLEMENTS = OneMinute/OneMinute.entitlements;
				CODE_SIGN_IDENTITY = "iPhone Distribution: Alex Liu (T7FYUZX44L)";
				CODE_SIGN_STYLE = Manual;
				DEVELOPMENT_TEAM = T7FYUZX44L;
				INFOPLIST_FILE = OneMinute/Info.plist;
				IPHONEOS_DEPLOYMENT_TARGET = 9.0;
				LD_RUNPATH_SEARCH_PATHS = (
					"$(inherited)",
					"@executable_path/Frameworks",
				);
				PRODUCT_BUNDLE_IDENTIFIER = com.alexliu.OneMinute;
				PRODUCT_NAME = "$(TARGET_NAME)";
				PROVISIONING_PROFILE_SPECIFIER = appstore4oneminute;
				SWIFT_OBJC_BRIDGING_HEADER = "OneMinute/OneMinute-Bridging-Header.h";
				SWIFT_VERSION = 5.0;
				TARGETED_DEVICE_FAMILY = 1;
			};
			name = Release;
		};
/* End XCBuildConfiguration section */

/* Begin XCConfigurationList section */
		4FC021FA22A13E6600C4899A /* Build configuration list for PBXProject "OneMinute" */ = {
			isa = XCConfigurationList;
			buildConfigurations = (
				4FC0220A22A13E6800C4899A /* Debug */,
				4FC0220B22A13E6800C4899A /* Release */,
			);
			defaultConfigurationIsVisible = 0;
			defaultConfigurationName = Release;
		};
		4FC0220C22A13E6800C4899A /* Build configuration list for PBXNativeTarget "OneMinute" */ = {
			isa = XCConfigurationList;
			buildConfigurations = (
				4FC0220D22A13E6800C4899A /* Debug */,
				4FC0220E22A13E6800C4899A /* Release */,
			);
			defaultConfigurationIsVisible = 0;
			defaultConfigurationName = Release;
		};
/* End XCConfigurationList section */
	};
	rootObject = 4FC021F722A13E6600C4899A /* Project object */;
}
